
Microsoft Visual Studio Solution File, Format Version 12.00
# Visual Studio Version 17
VisualStudioVersion = 17.9.34723.18
MinimumVisualStudioVersion = 10.0.40219.1
Project("{FAE04EC0-301F-11D3-BF4B-00C04F79EFBC}") = "Motorcycle", "Motorcycle\Motorcycle.csproj", "{24AA8A26-707E-48BA-978C-BE02BA2113FB}"
EndProject
Global
	GlobalSection(SolutionConfigurationPlatforms) = preSolution
		Debug|Any CPU = Debug|Any CPU
		Release|Any CPU = Release|Any CPU
	EndGlobalSection
	GlobalSection(ProjectConfigurationPlatforms) = postSolution
		{24AA8A26-707E-48BA-978C-BE02BA2113FB}.Debug|Any CPU.ActiveCfg = Debug|Any CPU
		{24AA8A26-707E-48BA-978C-BE02BA2113FB}.Debug|Any CPU.Build.0 = Debug|Any CPU
		{24AA8A26-707E-48BA-978C-BE02BA2113FB}.Release|Any CPU.ActiveCfg = Release|Any CPU
		{24AA8A26-707E-48BA-978C-BE02BA2113FB}.Release|Any CPU.Build.0 = Release|Any CPU
	EndGlobalSection
	GlobalSection(SolutionProperties) = preSolution
		HideSolutionNode = FALSE
	EndGlobalSection
	GlobalSection(ExtensibilityGlobals) = postSolution
		SolutionGuid = {25A061AE-E535-438B-8D9F-5CF3590A47F3}
	EndGlobalSection
EndGlobal
